
Microsoft Visual Studio Solution File, Format Version 12.00
# Visual Studio Version 17
VisualStudioVersion = 17.6.33829.357
MinimumVisualStudioVersion = 10.0.40219.1
Project("{FAE04EC0-301F-11D3-BF4B-00C04F79EFBC}") = "ProjetFinal", "ProjetFinal.csproj", "{3EC74266-378D-44F2-80F2-7DF041ED3DBC}"
EndProject
Global
	GlobalSection(SolutionConfigurationPlatforms) = preSolution
		Debug|Any CPU = Debug|Any CPU
		Release|Any CPU = Release|Any CPU
	EndGlobalSection
	GlobalSection(ProjectConfigurationPlatforms) = postSolution
		{3EC74266-378D-44F2-80F2-7DF041ED3DBC}.Debug|Any CPU.ActiveCfg = Debug|Any CPU
		{3EC74266-378D-44F2-80F2-7DF041ED3DBC}.Debug|Any CPU.Build.0 = Debug|Any CPU
		{3EC74266-378D-44F2-80F2-7DF041ED3DBC}.Release|Any CPU.ActiveCfg = Release|Any CPU
		{3EC74266-378D-44F2-80F2-7DF041ED3DBC}.Release|Any CPU.Build.0 = Release|Any CPU
	EndGlobalSection
	GlobalSection(SolutionProperties) = preSolution
		HideSolutionNode = FALSE
	EndGlobalSection
	GlobalSection(ExtensibilityGlobals) = postSolution
		SolutionGuid = {B36E78FC-ED31-452C-B3CE-32821F929554}
	EndGlobalSection
EndGlobal
